{
  "version": 4,
  "terraform_version": "0.12.24",
  "serial": 93,
  "lineage": "a3ed5a2a-05e2-894a-e674-4eafcf5982b1",
  "outputs": {
    "ip": {
      "value": "104.198.239.161",
      "type": "string"
    }
  },
  "resources": [
    {
      "mode": "managed",
      "type": "google_compute_address",
      "name": "vm_static_ip",
      "provider": "provider.google",
      "instances": [
        {
          "schema_version": 0,
          "attributes": {
            "address": "104.198.239.161",
            "address_type": "EXTERNAL",
            "creation_timestamp": "2020-05-13T23:23:41.338-07:00",
            "description": "",
            "id": "projects/terraform-276818/regions/us-central1/addresses/terraform-static-ip",
            "name": "terraform-static-ip",
            "network_tier": "PREMIUM",
            "project": "terraform-276818",
            "purpose": "",
            "region": "us-central1",
            "self_link": "https://www.googleapis.com/compute/v1/projects/terraform-276818/regions/us-central1/addresses/terraform-static-ip",
            "subnetwork": "",
            "timeouts": null,
            "users": [
              "https://www.googleapis.com/compute/v1/projects/terraform-276818/zones/us-central1-c/instances/terraform-instance"
            ]
          },
          "private": "eyJlMmJmYjczMC1lY2FhLTExZTYtOGY4OC0zNDM2M2JjN2M0YzAiOnsiY3JlYXRlIjoyNDAwMDAwMDAwMDAsImRlbGV0ZSI6MjQwMDAwMDAwMDAwfX0="
        }
      ]
    },
    {
      "mode": "managed",
      "type": "google_compute_firewall",
      "name": "default",
      "provider": "provider.google",
      "instances": [
        {
          "schema_version": 1,
          "attributes": {
            "allow": [
              {
                "ports": [
                  "22"
                ],
                "protocol": "tcp"
              }
            ],
            "creation_timestamp": "2020-05-13T23:23:41.043-07:00",
            "deny": [],
            "description": "",
            "destination_ranges": [],
            "direction": "INGRESS",
            "disabled": false,
            "enable_logging": false,
            "id": "projects/terraform-276818/global/firewalls/test-firewall",
            "name": "test-firewall",
            "network": "https://www.googleapis.com/compute/v1/projects/terraform-276818/global/networks/terraform-network",
            "priority": 1000,
            "project": "terraform-276818",
            "self_link": "https://www.googleapis.com/compute/v1/projects/terraform-276818/global/firewalls/test-firewall",
            "source_ranges": [
              "0.0.0.0/0"
            ],
            "source_service_accounts": [],
            "source_tags": [],
            "target_service_accounts": [],
            "target_tags": [],
            "timeouts": null
          },
          "private": "eyJlMmJmYjczMC1lY2FhLTExZTYtOGY4OC0zNDM2M2JjN2M0YzAiOnsiY3JlYXRlIjoyNDAwMDAwMDAwMDAsImRlbGV0ZSI6MjQwMDAwMDAwMDAwLCJ1cGRhdGUiOjI0MDAwMDAwMDAwMH0sInNjaGVtYV92ZXJzaW9uIjoiMSJ9"
        }
      ]
    },
    {
      "mode": "managed",
      "type": "google_compute_instance",
      "name": "vm_instance",
      "provider": "provider.google",
      "instances": [
        {
          "schema_version": 6,
          "attributes": {
            "allow_stopping_for_update": null,
            "attached_disk": [],
            "boot_disk": [
              {
                "auto_delete": true,
                "device_name": "persistent-disk-0",
                "disk_encryption_key_raw": "",
                "disk_encryption_key_sha256": "",
                "initialize_params": [
                  {
                    "image": "https://www.googleapis.com/compute/v1/projects/ubuntu-os-cloud/global/images/ubuntu-1804-bionic-v20200430",
                    "labels": {},
                    "size": 10,
                    "type": "pd-standard"
                  }
                ],
                "kms_key_self_link": "",
                "mode": "READ_WRITE",
                "source": "https://www.googleapis.com/compute/v1/projects/terraform-276818/zones/us-central1-c/disks/terraform-instance"
              }
            ],
            "can_ip_forward": false,
            "cpu_platform": "Intel Haswell",
            "deletion_protection": false,
            "description": "",
            "enable_display": false,
            "guest_accelerator": [],
            "hostname": "",
            "id": "projects/terraform-276818/zones/us-central1-c/instances/terraform-instance",
            "instance_id": "7715886716230393117",
            "label_fingerprint": "42WmSpB8rSM=",
            "labels": {},
            "machine_type": "f1-micro",
            "metadata": {},
            "metadata_fingerprint": "RxBQtxFEyNA=",
            "metadata_startup_script": "",
            "min_cpu_platform": "",
            "name": "terraform-instance",
            "network_interface": [
              {
                "access_config": [
                  {
                    "nat_ip": "104.198.239.161",
                    "network_tier": "PREMIUM",
                    "public_ptr_domain_name": ""
                  }
                ],
                "alias_ip_range": [],
                "name": "nic0",
                "network": "https://www.googleapis.com/compute/v1/projects/terraform-276818/global/networks/terraform-network",
                "network_ip": "10.128.0.4",
                "subnetwork": "https://www.googleapis.com/compute/v1/projects/terraform-276818/regions/us-central1/subnetworks/terraform-network",
                "subnetwork_project": "terraform-276818"
              }
            ],
            "project": "terraform-276818",
            "scheduling": [
              {
                "automatic_restart": true,
                "node_affinities": [],
                "on_host_maintenance": "MIGRATE",
                "preemptible": false
              }
            ],
            "scratch_disk": [],
            "self_link": "https://www.googleapis.com/compute/v1/projects/terraform-276818/zones/us-central1-c/instances/terraform-instance",
            "service_account": [],
            "shielded_instance_config": [
              {
                "enable_integrity_monitoring": true,
                "enable_secure_boot": false,
                "enable_vtpm": true
              }
            ],
            "tags": [
              "dev",
              "web"
            ],
            "tags_fingerprint": "XaeQnaHMn9Y=",
            "timeouts": null,
            "zone": "us-central1-c"
          },
          "private": "eyJlMmJmYjczMC1lY2FhLTExZTYtOGY4OC0zNDM2M2JjN2M0YzAiOnsiY3JlYXRlIjoxMjAwMDAwMDAwMDAwLCJkZWxldGUiOjEyMDAwMDAwMDAwMDAsInVwZGF0ZSI6MTIwMDAwMDAwMDAwMH0sInNjaGVtYV92ZXJzaW9uIjoiNiJ9",
          "dependencies": [
            "google_compute_address.vm_static_ip",
            "google_compute_network.vpc_network"
          ]
        }
      ]
    },
    {
      "mode": "managed",
      "type": "google_compute_network",
      "name": "vpc_network",
      "provider": "provider.google",
      "instances": [
        {
          "schema_version": 0,
          "attributes": {
            "auto_create_subnetworks": true,
            "delete_default_routes_on_create": false,
            "description": "",
            "gateway_ipv4": "",
            "id": "projects/terraform-276818/global/networks/terraform-network",
            "ipv4_range": null,
            "name": "terraform-network",
            "project": "terraform-276818",
            "routing_mode": "REGIONAL",
            "self_link": "https://www.googleapis.com/compute/v1/projects/terraform-276818/global/networks/terraform-network",
            "timeouts": null
          }
        }
      ]
    },
    {
      "mode": "managed",
      "type": "google_compute_project_metadata_item",
      "name": "default",
      "provider": "provider.google",
      "instances": [
        {
          "schema_version": 0,
          "attributes": {
            "id": "ssh-keys",
            "key": "ssh-keys",
            "project": "terraform-276818",
            "timeouts": null,
            "value": "spgtestcloud:ssh-rsa AAAAB3NzaC1yc2EAAAADAQABAAABAQDAobZ/3jmTnST/NDNSeHHKN5ndMSM5TlAT5s4OjBn99HWITtT6dIfYLpycOGouq+hWujS2GeaUZX5oE+8lAQ8QWHXhvXoZmXaaIbKy9htALDncXeRpWKla2IIYOEhkRooyocXllWSgTdY78NOGxBs5pZS3/h2e36sAsbKhy5LGkh20bKXzAD849lhOHYvk0hXzqlGwSafYRMMNPKCxcKt00+5RAicLzd07LZPKfuaa0vt4YaQMoJ2iT5N7Q6IpTzttnMqvPOjP1OcYDQy+JJvtMVbaTXnEOvIJ64M/XKE2Ukx02w04sMFS5yboWI1jBKrQNanrG29s1or5B+UVFYmf\n"
          },
          "private": "eyJlMmJmYjczMC1lY2FhLTExZTYtOGY4OC0zNDM2M2JjN2M0YzAiOnsiY3JlYXRlIjo0MjAwMDAwMDAwMDAsImRlbGV0ZSI6NDIwMDAwMDAwMDAwLCJ1cGRhdGUiOjQyMDAwMDAwMDAwMH19"
        }
      ]
    }
  ]
}
